
Microsoft Visual Studio Solution File, Format Version 12.00
# Visual Studio Version 17
VisualStudioVersion = 17.0.32014.148
MinimumVisualStudioVersion = 10.0.40219.1
Project("{FAE04EC0-301F-11D3-BF4B-00C04F79EFBC}") = "PangramDetector", "PangramDetector\PangramDetector.csproj", "{DDB5A70B-9B3F-4A46-9D8A-28A04EF0BFA8}"
EndProject
Global
	GlobalSection(SolutionConfigurationPlatforms) = preSolution
		Debug|Any CPU = Debug|Any CPU
		Release|Any CPU = Release|Any CPU
	EndGlobalSection
	GlobalSection(ProjectConfigurationPlatforms) = postSolution
		{DDB5A70B-9B3F-4A46-9D8A-28A04EF0BFA8}.Debug|Any CPU.ActiveCfg = Debug|Any CPU
		{DDB5A70B-9B3F-4A46-9D8A-28A04EF0BFA8}.Debug|Any CPU.Build.0 = Debug|Any CPU
		{DDB5A70B-9B3F-4A46-9D8A-28A04EF0BFA8}.Release|Any CPU.ActiveCfg = Release|Any CPU
		{DDB5A70B-9B3F-4A46-9D8A-28A04EF0BFA8}.Release|Any CPU.Build.0 = Release|Any CPU
	EndGlobalSection
	GlobalSection(SolutionProperties) = preSolution
		HideSolutionNode = FALSE
	EndGlobalSection
	GlobalSection(ExtensibilityGlobals) = postSolution
		SolutionGuid = {9B4DC8D3-9895-4D1C-848A-1E8C21C09512}
	EndGlobalSection
EndGlobal
